<?xml version="1.0" encoding="utf-8"?>
<Project xmlns="http://schemas.microsoft.com/developer/msbuild/2003">
  <ItemGroup>
    <Filter Include="Form Files">
      <UniqueIdentifier>{99349809-55BA-4b9d-BF79-8FDBB0286EB3}</UniqueIdentifier>
      <Extensions>ui</Extensions>
      <ParseFiles>false</ParseFiles>
    </Filter>
    <Filter Include="Form Files">
      <UniqueIdentifier>{99349809-55BA-4b9d-BF79-8FDBB0286EB3}</UniqueIdentifier>
      <Extensions>ui</Extensions>
      <ParseFiles>false</ParseFiles>
    </Filter>
    <Filter Include="Generated Files">
      <UniqueIdentifier>{71ED8ED8-ACB9-4CE9-BBE1-E00B30144E11}</UniqueIdentifier>
      <Extensions>cpp;c;cxx;moc;h;def;odl;idl;res;</Extensions>
    </Filter>
    <Filter Include="Generated Files">
      <UniqueIdentifier>{71ED8ED8-ACB9-4CE9-BBE1-E00B30144E11}</UniqueIdentifier>
      <Extensions>cpp;c;cxx;moc;h;def;odl;idl;res;</Extensions>
    </Filter>
    <Filter Include="Header Files">
      <UniqueIdentifier>{93995380-89BD-4b04-88EB-625FBE52EBFB}</UniqueIdentifier>
      <Extensions>h;hpp;hxx;hm;inl;inc;xsd</Extensions>
    </Filter>
    <Filter Include="Header Files">
      <UniqueIdentifier>{93995380-89BD-4b04-88EB-625FBE52EBFB}</UniqueIdentifier>
      <Extensions>h;hpp;hxx;hm;inl;inc;xsd</Extensions>
    </Filter>
    <Filter Include="Source Files">
      <UniqueIdentifier>{4FC737F1-C7A5-4376-A066-2A32D752A2FF}</UniqueIdentifier>
      <Extensions>cpp;c;cxx;def;odl;idl;hpj;bat;asm;asmx</Extensions>
    </Filter>
    <Filter Include="Source Files">
      <UniqueIdentifier>{4FC737F1-C7A5-4376-A066-2A32D752A2FF}</UniqueIdentifier>
      <Extensions>cpp;c;cxx;def;odl;idl;hpj;bat;asm;asmx</Extensions>
    </Filter>
  </ItemGroup>
  <ItemGroup>
    <ClCompile Include="DataAcquisition\AlazarDAQ\AlazarDAQ.cpp">
      <Filter>Source Files</Filter>
    </ClCompile>
    <ClCompile Include="DataAcquisition\DataAcquisition.cpp">
      <Filter>Source Files</Filter>
    </ClCompile>
    <ClCompile Include="Havana2\Dialog\DigitizerSetupDlg.cpp">
      <Filter>Source Files</Filter>
    </ClCompile>
    <ClCompile Include="DeviceControl\ECGMonitoring\EcgMonitoring.cpp">
      <Filter>Source Files</Filter>
    </ClCompile>
    <ClCompile Include="DeviceControl\ECGMonitoring\EcgMonitoringTrigger.cpp">
      <Filter>Source Files</Filter>
    </ClCompile>
    <ClCompile Include="DeviceControl\FLIMControl\ElforlightLaser.cpp">
      <Filter>Source Files</Filter>
    </ClCompile>
    <ClCompile Include="DataProcess\FLIMProcess\FLIMProcess.cpp">
      <Filter>Source Files</Filter>
    </ClCompile>
    <ClCompile Include="DeviceControl\FaulhaberMotor\FaulhaberMotor.cpp">
      <Filter>Source Files</Filter>
    </ClCompile>
    <ClCompile Include="Havana2\Dialog\FlimCalibDlg.cpp">
      <Filter>Source Files</Filter>
    </ClCompile>
    <ClCompile Include="DeviceControl\GalvoScan\GalvoScan.cpp">
      <Filter>Source Files</Filter>
    </ClCompile>
    <ClCompile Include="Havana2\Havana2.cpp">
      <Filter>Source Files</Filter>
    </ClCompile>
    <ClCompile Include="Havana2\Dialog\LongitudinalViewDlg.cpp">
      <Filter>Source Files</Filter>
    </ClCompile>
    <ClCompile Include="Havana2\MainWindow.cpp">
      <Filter>Source Files</Filter>
    </ClCompile>
    <ClCompile Include="MemoryBuffer\MemoryBuffer.cpp">
      <Filter>Source Files</Filter>
    </ClCompile>
    <ClCompile Include="Havana2\Dialog\NirfCrossTalkCompDlg.cpp">
      <Filter>Source Files</Filter>
    </ClCompile>
    <ClCompile Include="Havana2\Dialog\NirfDistCompDlg.cpp">
      <Filter>Source Files</Filter>
    </ClCompile>
    <ClCompile Include="DeviceControl\NirfEmission\NirfEmission.cpp">
      <Filter>Source Files</Filter>
    </ClCompile>
    <ClCompile Include="Havana2\Dialog\NirfEmissionProfileDlg.cpp">
      <Filter>Source Files</Filter>
    </ClCompile>
    <ClCompile Include="DeviceControl\NirfEmission\NirfEmissionTrigger.cpp">
      <Filter>Source Files</Filter>
    </ClCompile>
    <ClCompile Include="DeviceControl\NirfEmission\NirfSyncBoard.cpp">
      <Filter>Source Files</Filter>
    </ClCompile>
    <ClCompile Include="DataProcess\OCTProcess\OCTProcess.cpp">
      <Filter>Source Files</Filter>
    </ClCompile>
    <ClCompile Include="Havana2\Dialog\OctCalibDlg.cpp">
      <Filter>Source Files</Filter>
    </ClCompile>
    <ClCompile Include="Havana2\Dialog\OctIntensityHistDlg.cpp">
      <Filter>Source Files</Filter>
    </ClCompile>
    <ClCompile Include="DeviceControl\FLIMControl\PmtGainControl.cpp">
      <Filter>Source Files</Filter>
    </ClCompile>
    <ClCompile Include="Havana2\Dialog\PulseReviewDlg.cpp">
      <Filter>Source Files</Filter>
    </ClCompile>
    <ClCompile Include="Havana2\Viewer\QCalibScope.cpp">
      <Filter>Source Files</Filter>
    </ClCompile>
    <ClCompile Include="Havana2\QDeviceControlTab.cpp">
      <Filter>Source Files</Filter>
    </ClCompile>
    <ClCompile Include="Havana2\Viewer\QEcgScope.cpp">
      <Filter>Source Files</Filter>
    </ClCompile>
    <ClCompile Include="Havana2\Viewer\QImageView.cpp">
      <Filter>Source Files</Filter>
    </ClCompile>
    <ClCompile Include="Havana2\QOperationTab.cpp">
      <Filter>Source Files</Filter>
    </ClCompile>
    <ClCompile Include="Havana2\QResultTab.cpp">
      <Filter>Source Files</Filter>
    </ClCompile>
    <ClCompile Include="Havana2\Viewer\QScope.cpp">
      <Filter>Source Files</Filter>
    </ClCompile>
    <ClCompile Include="Havana2\Viewer\QScope2.cpp">
      <Filter>Source Files</Filter>
    </ClCompile>
    <ClCompile Include="Havana2\QStreamTab.cpp">
      <Filter>Source Files</Filter>
    </ClCompile>
    <ClCompile Include="Havana2\Dialog\SaveResultDlg.cpp">
      <Filter>Source Files</Filter>
    </ClCompile>
    <ClCompile Include="DataAcquisition\SignatecDAQ\SignatecDAQ.cpp">
      <Filter>Source Files</Filter>
    </ClCompile>
    <ClCompile Include="DeviceControl\FLIMControl\SyncFLIM.cpp">
      <Filter>Source Files</Filter>
    </ClCompile>
    <ClCompile Include="DataProcess\ThreadManager.cpp">
      <Filter>Source Files</Filter>
    </ClCompile>
    <ClCompile Include="DeviceControl\ECGMonitoring\Voltage800RPS.cpp">
      <Filter>Source Files</Filter>
    </ClCompile>
    <ClCompile Include="DeviceControl\ZaberStage\ZaberStage.cpp">
      <Filter>Source Files</Filter>
    </ClCompile>
    <ClCompile Include="DeviceControl\ZaberStage\zb_serial.cpp">
      <Filter>Source Files</Filter>
    </ClCompile>
  </ItemGroup>
  <ItemGroup>
    <ClInclude Include="DataAcquisition\AlazarDAQ\AlazarDAQ.h">
      <Filter>Header Files</Filter>
    </ClInclude>
    <ClInclude Include="Havana2\Configuration.h">
      <Filter>Header Files</Filter>
    </ClInclude>
    <QtMoc Include="DataAcquisition\DataAcquisition.h">
      <Filter>Header Files</Filter>
    </QtMoc>
    <QtMoc Include="Havana2\Dialog\DigitizerSetupDlg.h">
      <Filter>Header Files</Filter>
    </QtMoc>
    <ClInclude Include="DeviceControl\ECGMonitoring\EcgMonitoring.h">
      <Filter>Header Files</Filter>
    </ClInclude>
    <ClInclude Include="DeviceControl\ECGMonitoring\EcgMonitoringTrigger.h">
      <Filter>Header Files</Filter>
    </ClInclude>
    <ClInclude Include="DeviceControl\FLIMControl\ElforlightLaser.h">
      <Filter>Header Files</Filter>
    </ClInclude>
    <ClInclude Include="DataProcess\FLIMProcess\FLIMProcess.h">
      <Filter>Header Files</Filter>
    </ClInclude>
    <ClInclude Include="DeviceControl\FaulhaberMotor\FaulhaberMotor.h">
      <Filter>Header Files</Filter>
    </ClInclude>
    <QtMoc Include="Havana2\Dialog\FlimCalibDlg.h">
      <Filter>Header Files</Filter>
    </QtMoc>
    <ClInclude Include="DeviceControl\GalvoScan\GalvoScan.h">
      <Filter>Header Files</Filter>
    </ClInclude>
    <QtMoc Include="Havana2\Dialog\LongitudinalViewDlg.h">
      <Filter>Header Files</Filter>
    </QtMoc>
    <QtMoc Include="Havana2\MainWindow.h">
      <Filter>Header Files</Filter>
    </QtMoc>
    <QtMoc Include="MemoryBuffer\MemoryBuffer.h">
      <Filter>Header Files</Filter>
    </QtMoc>
    <QtMoc Include="Havana2\Dialog\NirfCrossTalkCompDlg.h">
      <Filter>Header Files</Filter>
    </QtMoc>
    <QtMoc Include="Havana2\Dialog\NirfDistCompDlg.h">
      <Filter>Header Files</Filter>
    </QtMoc>
    <ClInclude Include="DeviceControl\NirfEmission\NirfEmission.h">
      <Filter>Header Files</Filter>
    </ClInclude>
    <QtMoc Include="Havana2\Dialog\NirfEmissionProfileDlg.h">
      <Filter>Header Files</Filter>
    </QtMoc>
    <ClInclude Include="DeviceControl\NirfEmission\NirfEmissionTrigger.h">
      <Filter>Header Files</Filter>
    </ClInclude>
    <ClInclude Include="DeviceControl\NirfEmission\NirfSyncBoard.h">
      <Filter>Header Files</Filter>
    </ClInclude>
    <ClInclude Include="DataProcess\OCTProcess\OCTProcess.h">
      <Filter>Header Files</Filter>
    </ClInclude>
    <QtMoc Include="Havana2\Dialog\OctCalibDlg.h">
      <Filter>Header Files</Filter>
    </QtMoc>
    <QtMoc Include="Havana2\Dialog\OctIntensityHistDlg.h">
      <Filter>Header Files</Filter>
    </QtMoc>
    <ClInclude Include="DeviceControl\FLIMControl\PmtGainControl.h">
      <Filter>Header Files</Filter>
    </ClInclude>
    <QtMoc Include="Havana2\Dialog\PulseReviewDlg.h">
      <Filter>Header Files</Filter>
    </QtMoc>
    <QtMoc Include="Havana2\Viewer\QCalibScope.h">
      <Filter>Header Files</Filter>
    </QtMoc>
    <QtMoc Include="Havana2\QDeviceControlTab.h">
      <Filter>Header Files</Filter>
    </QtMoc>
    <QtMoc Include="Havana2\Viewer\QEcgScope.h">
      <Filter>Header Files</Filter>
    </QtMoc>
    <QtMoc Include="Havana2\Viewer\QImageView.h">
      <Filter>Header Files</Filter>
    </QtMoc>
    <QtMoc Include="Havana2\QOperationTab.h">
      <Filter>Header Files</Filter>
    </QtMoc>
    <QtMoc Include="Havana2\QResultTab.h">
      <Filter>Header Files</Filter>
    </QtMoc>
    <QtMoc Include="Havana2\Viewer\QScope.h">
      <Filter>Header Files</Filter>
    </QtMoc>
    <QtMoc Include="Havana2\Viewer\QScope2.h">
      <Filter>Header Files</Filter>
    </QtMoc>
    <QtMoc Include="DeviceControl\QSerialComm.h">
      <Filter>Header Files</Filter>
    </QtMoc>
    <QtMoc Include="Havana2\QStreamTab.h">
      <Filter>Header Files</Filter>
    </QtMoc>
    <QtMoc Include="Havana2\Dialog\SaveResultDlg.h">
      <Filter>Header Files</Filter>
    </QtMoc>
    <ClInclude Include="DataAcquisition\SignatecDAQ\SignatecDAQ.h">
      <Filter>Header Files</Filter>
    </ClInclude>
    <ClInclude Include="DeviceControl\FLIMControl\SyncFLIM.h">
      <Filter>Header Files</Filter>
    </ClInclude>
    <ClInclude Include="DataProcess\ThreadManager.h">
      <Filter>Header Files</Filter>
    </ClInclude>
    <ClInclude Include="DeviceControl\ECGMonitoring\Voltage800RPS.h">
      <Filter>Header Files</Filter>
    </ClInclude>
    <ClInclude Include="DeviceControl\ZaberStage\ZaberStage.h">
      <Filter>Header Files</Filter>
    </ClInclude>
    <ClInclude Include="DeviceControl\ZaberStage\zb_serial.h">
      <Filter>Header Files</Filter>
    </ClInclude>
  </ItemGroup>
  <ItemGroup>
    
    
    
    
    
    
    
    
    
    
    
    
    
    
    
    
    
    
    
    
    
    
    
    
    
    
    
    
    
    
    
    
    
    
    
    
    
    
    
    
    
    
    
    
    
    
    <CustomBuild Include="debug\moc_predefs.h.cbt">
      <Filter>Generated Files</Filter>
    </CustomBuild>
    <CustomBuild Include="release\moc_predefs.h.cbt">
      <Filter>Generated Files</Filter>
    </CustomBuild>
    
  </ItemGroup>
  <ItemGroup>
    <QtUic Include="Havana2\MainWindow.ui">
      <Filter>Form Files</Filter>
    </QtUic>
  </ItemGroup>
  <ItemGroup>
    <ResourceCompile Include="Havana2.rc" />
  </ItemGroup>
</Project>